
Microsoft Visual Studio Solution File, Format Version 12.00
# Visual Studio Version 17
VisualStudioVersion = 17.6.33815.320
MinimumVisualStudioVersion = 10.0.40219.1
Project("{FAE04EC0-301F-11D3-BF4B-00C04F79EFBC}") = "Toyproject", "Toyproject\Toyproject.csproj", "{8ACD0B75-913D-41D0-ACC4-04599AB13852}"
EndProject
Project("{FAE04EC0-301F-11D3-BF4B-00C04F79EFBC}") = "TestToyProject", "TestToyProject\TestToyProject.csproj", "{6C37C760-9D82-4324-9915-309F541BFC6C}"
EndProject
Global
	GlobalSection(SolutionConfigurationPlatforms) = preSolution
		Debug|Any CPU = Debug|Any CPU
		Release|Any CPU = Release|Any CPU
	EndGlobalSection
	GlobalSection(ProjectConfigurationPlatforms) = postSolution
		{8ACD0B75-913D-41D0-ACC4-04599AB13852}.Debug|Any CPU.ActiveCfg = Debug|Any CPU
		{8ACD0B75-913D-41D0-ACC4-04599AB13852}.Debug|Any CPU.Build.0 = Debug|Any CPU
		{8ACD0B75-913D-41D0-ACC4-04599AB13852}.Release|Any CPU.ActiveCfg = Release|Any CPU
		{8ACD0B75-913D-41D0-ACC4-04599AB13852}.Release|Any CPU.Build.0 = Release|Any CPU
		{6C37C760-9D82-4324-9915-309F541BFC6C}.Debug|Any CPU.ActiveCfg = Debug|Any CPU
		{6C37C760-9D82-4324-9915-309F541BFC6C}.Debug|Any CPU.Build.0 = Debug|Any CPU
		{6C37C760-9D82-4324-9915-309F541BFC6C}.Release|Any CPU.ActiveCfg = Release|Any CPU
		{6C37C760-9D82-4324-9915-309F541BFC6C}.Release|Any CPU.Build.0 = Release|Any CPU
	EndGlobalSection
	GlobalSection(SolutionProperties) = preSolution
		HideSolutionNode = FALSE
	EndGlobalSection
	GlobalSection(ExtensibilityGlobals) = postSolution
		SolutionGuid = {3C047885-6476-48FC-8FC8-96254A9B6473}
	EndGlobalSection
EndGlobal
